
Microsoft Visual Studio Solution File, Format Version 12.00
Project("{FAE04EC0-301F-11D3-BF4B-00C04F79EFBC}") = "Player.Api.Tests", "Player.Api.Tests\Player.Api.Tests.csproj", "{C85540AF-CD87-4C45-A170-4925C5E0D35F}"
EndProject
Project("{FAE04EC0-301F-11D3-BF4B-00C04F79EFBC}") = "GamePlatform.Tests.Steps", "GamePlatform.Tests.Steps\GamePlatform.Tests.Steps.csproj", "{768D6FF6-5334-47D2-865B-FA478F4B0D45}"
EndProject
Project("{FAE04EC0-301F-11D3-BF4B-00C04F79EFBC}") = "GamePlatform.Tests.Infrastructure", "GamePlatform.Tests.Infrastructure\GamePlatform.Tests.Infrastructure.csproj", "{A74660FB-7A9B-4C8B-8E27-64357403D244}"
EndProject
Project("{FAE04EC0-301F-11D3-BF4B-00C04F79EFBC}") = "GamePlatform.Tests.Configuration", "GamePlatform.Tests.Configuration\GamePlatform.Tests.Configuration.csproj", "{9EDB7C29-1142-4570-A73C-AA8B053195C2}"
EndProject
Project("{2150E333-8FDC-42A3-9474-1A3956D46DE8}") = "Solution Items", "Solution Items", "{B1A8F2C3-6D4E-4F9A-9C11-2E8B7D5A1F00}"
	ProjectSection(SolutionItems) = preProject
		README.md = README.md
	EndProjectSection
EndProject
Project("{2150E333-8FDC-42A3-9474-1A3956D46DE8}") = ".github", ".github", "{C2B9E3D4-7E5F-4A0B-8D22-3F9C8E6B2A11}"
EndProject
Project("{2150E333-8FDC-42A3-9474-1A3956D46DE8}") = "workflows", "workflows", "{D3C0F4E5-8F60-4B1C-9E33-40AD9F7C3B22}"
	ProjectSection(SolutionItems) = preProject
		.github\workflows\api-tests.yml = .github\workflows\api-tests.yml
	EndProjectSection
EndProject
Global
	GlobalSection(SolutionConfigurationPlatforms) = preSolution
		Debug|Any CPU = Debug|Any CPU
		Release|Any CPU = Release|Any CPU
	EndGlobalSection
	GlobalSection(ProjectConfigurationPlatforms) = postSolution
		{C85540AF-CD87-4C45-A170-4925C5E0D35F}.Debug|Any CPU.ActiveCfg = Debug|Any CPU
		{C85540AF-CD87-4C45-A170-4925C5E0D35F}.Debug|Any CPU.Build.0 = Debug|Any CPU
		{C85540AF-CD87-4C45-A170-4925C5E0D35F}.Release|Any CPU.ActiveCfg = Release|Any CPU
		{C85540AF-CD87-4C45-A170-4925C5E0D35F}.Release|Any CPU.Build.0 = Release|Any CPU
		{768D6FF6-5334-47D2-865B-FA478F4B0D45}.Debug|Any CPU.ActiveCfg = Debug|Any CPU
		{768D6FF6-5334-47D2-865B-FA478F4B0D45}.Debug|Any CPU.Build.0 = Debug|Any CPU
		{768D6FF6-5334-47D2-865B-FA478F4B0D45}.Release|Any CPU.ActiveCfg = Release|Any CPU
		{768D6FF6-5334-47D2-865B-FA478F4B0D45}.Release|Any CPU.Build.0 = Release|Any CPU
		{A74660FB-7A9B-4C8B-8E27-64357403D244}.Debug|Any CPU.ActiveCfg = Debug|Any CPU
		{A74660FB-7A9B-4C8B-8E27-64357403D244}.Debug|Any CPU.Build.0 = Debug|Any CPU
		{A74660FB-7A9B-4C8B-8E27-64357403D244}.Release|Any CPU.ActiveCfg = Release|Any CPU
		{A74660FB-7A9B-4C8B-8E27-64357403D244}.Release|Any CPU.Build.0 = Release|Any CPU
		{9EDB7C29-1142-4570-A73C-AA8B053195C2}.Debug|Any CPU.ActiveCfg = Debug|Any CPU
		{9EDB7C29-1142-4570-A73C-AA8B053195C2}.Debug|Any CPU.Build.0 = Debug|Any CPU
		{9EDB7C29-1142-4570-A73C-AA8B053195C2}.Release|Any CPU.ActiveCfg = Release|Any CPU
		{9EDB7C29-1142-4570-A73C-AA8B053195C2}.Release|Any CPU.Build.0 = Release|Any CPU
	EndGlobalSection
	GlobalSection(NestedProjects) = preSolution
		{D3C0F4E5-8F60-4B1C-9E33-40AD9F7C3B22} = {C2B9E3D4-7E5F-4A0B-8D22-3F9C8E6B2A11}
	EndGlobalSection
EndGlobal
